
Microsoft Visual Studio Solution File, Format Version 12.00
# Visual Studio Version 17
VisualStudioVersion = 17.10.35027.167
MinimumVisualStudioVersion = 10.0.40219.1
Project("{FAE04EC0-301F-11D3-BF4B-00C04F79EFBC}") = "SolanaRaydiumPoolWatcher", "SolanaRaydiumPoolWatcher\SolanaRaydiumPoolWatcher.csproj", "{8E568629-9903-45FE-ACEA-EA73FECD3E70}"
EndProject
Global
	GlobalSection(SolutionConfigurationPlatforms) = preSolution
		Debug|Any CPU = Debug|Any CPU
		Release|Any CPU = Release|Any CPU
	EndGlobalSection
	GlobalSection(ProjectConfigurationPlatforms) = postSolution
		{8E568629-9903-45FE-ACEA-EA73FECD3E70}.Debug|Any CPU.ActiveCfg = Debug|Any CPU
		{8E568629-9903-45FE-ACEA-EA73FECD3E70}.Debug|Any CPU.Build.0 = Debug|Any CPU
		{8E568629-9903-45FE-ACEA-EA73FECD3E70}.Release|Any CPU.ActiveCfg = Release|Any CPU
		{8E568629-9903-45FE-ACEA-EA73FECD3E70}.Release|Any CPU.Build.0 = Release|Any CPU
	EndGlobalSection
	GlobalSection(SolutionProperties) = preSolution
		HideSolutionNode = FALSE
	EndGlobalSection
	GlobalSection(ExtensibilityGlobals) = postSolution
		SolutionGuid = {E9B02CF2-0294-4D89-9D84-88B7494C92F4}
	EndGlobalSection
EndGlobal
